
Microsoft Visual Studio Solution File, Format Version 12.00
# Visual Studio Version 16
VisualStudioVersion = 16.0.29920.165
MinimumVisualStudioVersion = 10.0.40219.1
Project("{9A19103F-16F7-4668-BE54-9A1E7A4F7556}") = "ParkingSystemCore", "ParkingSystemCore.csproj", "{535DBBDC-AFDD-4426-BF16-38105337F33F}"
EndProject
Project("{FAE04EC0-301F-11D3-BF4B-00C04F79EFBC}") = "NunitParkingSystem", "..\NunitParkingSystem\NunitParkingSystem.csproj", "{67BC3514-5C32-437B-A58E-DFADA65B86C1}"
EndProject
Global
	GlobalSection(SolutionConfigurationPlatforms) = preSolution
		Debug|Any CPU = Debug|Any CPU
		Release|Any CPU = Release|Any CPU
	EndGlobalSection
	GlobalSection(ProjectConfigurationPlatforms) = postSolution
		{535DBBDC-AFDD-4426-BF16-38105337F33F}.Debug|Any CPU.ActiveCfg = Debug|Any CPU
		{535DBBDC-AFDD-4426-BF16-38105337F33F}.Debug|Any CPU.Build.0 = Debug|Any CPU
		{535DBBDC-AFDD-4426-BF16-38105337F33F}.Release|Any CPU.ActiveCfg = Release|Any CPU
		{535DBBDC-AFDD-4426-BF16-38105337F33F}.Release|Any CPU.Build.0 = Release|Any CPU
		{67BC3514-5C32-437B-A58E-DFADA65B86C1}.Debug|Any CPU.ActiveCfg = Debug|Any CPU
		{67BC3514-5C32-437B-A58E-DFADA65B86C1}.Debug|Any CPU.Build.0 = Debug|Any CPU
		{67BC3514-5C32-437B-A58E-DFADA65B86C1}.Release|Any CPU.ActiveCfg = Release|Any CPU
		{67BC3514-5C32-437B-A58E-DFADA65B86C1}.Release|Any CPU.Build.0 = Release|Any CPU
	EndGlobalSection
	GlobalSection(SolutionProperties) = preSolution
		HideSolutionNode = FALSE
	EndGlobalSection
	GlobalSection(ExtensibilityGlobals) = postSolution
		SolutionGuid = {46109AA9-D680-41FA-A31A-D154A50A499C}
	EndGlobalSection
EndGlobal
